
Microsoft Visual Studio Solution File, Format Version 12.00
# Visual Studio Version 16
VisualStudioVersion = 16.0.31624.102
MinimumVisualStudioVersion = 10.0.40219.1
Project("{FAE04EC0-301F-11D3-BF4B-00C04F79EFBC}") = "Generate PDF using IronPDF", "Generate PDF using IronPDF\Generate PDF using IronPDF.csproj", "{B17B2E3F-DA49-4722-938A-FA2DC56A2F5A}"
EndProject
Global
	GlobalSection(SolutionConfigurationPlatforms) = preSolution
		Debug|Any CPU = Debug|Any CPU
		Release|Any CPU = Release|Any CPU
	EndGlobalSection
	GlobalSection(ProjectConfigurationPlatforms) = postSolution
		{B17B2E3F-DA49-4722-938A-FA2DC56A2F5A}.Debug|Any CPU.ActiveCfg = Debug|Any CPU
		{B17B2E3F-DA49-4722-938A-FA2DC56A2F5A}.Debug|Any CPU.Build.0 = Debug|Any CPU
		{B17B2E3F-DA49-4722-938A-FA2DC56A2F5A}.Release|Any CPU.ActiveCfg = Release|Any CPU
		{B17B2E3F-DA49-4722-938A-FA2DC56A2F5A}.Release|Any CPU.Build.0 = Release|Any CPU
	EndGlobalSection
	GlobalSection(SolutionProperties) = preSolution
		HideSolutionNode = FALSE
	EndGlobalSection
	GlobalSection(ExtensibilityGlobals) = postSolution
		SolutionGuid = {FA088788-22C7-4A45-B6D8-2F7D7C41E6DE}
	EndGlobalSection
EndGlobal
